
Microsoft Visual Studio Solution File, Format Version 12.00
# Visual Studio 15
VisualStudioVersion = 15.0.27703.2042
MinimumVisualStudioVersion = 10.0.40219.1
Project("{FAE04EC0-301F-11D3-BF4B-00C04F79EFBC}") = "ShopASucculent", "ShopASucculent\ShopASucculent.csproj", "{DFBCFCFE-2E59-4297-8741-63DBF6B31C7B}"
EndProject
Project("{FAE04EC0-301F-11D3-BF4B-00C04F79EFBC}") = "ShopASucculent.Data", "ShopASucculent.Data\ShopASucculent.Data.csproj", "{5F4DE9E8-16BC-4A3F-8E59-96C21A306CBF}"
EndProject
Project("{FAE04EC0-301F-11D3-BF4B-00C04F79EFBC}") = "ShopASucculent.Service", "ShopASucculent.Service\ShopASucculent.Service.csproj", "{1ABDF3CE-1010-4A0F-90D5-55B7339EFAC5}"
EndProject
Global
	GlobalSection(SolutionConfigurationPlatforms) = preSolution
		Debug|Any CPU = Debug|Any CPU
		Release|Any CPU = Release|Any CPU
	EndGlobalSection
	GlobalSection(ProjectConfigurationPlatforms) = postSolution
		{DFBCFCFE-2E59-4297-8741-63DBF6B31C7B}.Debug|Any CPU.ActiveCfg = Debug|Any CPU
		{DFBCFCFE-2E59-4297-8741-63DBF6B31C7B}.Debug|Any CPU.Build.0 = Debug|Any CPU
		{DFBCFCFE-2E59-4297-8741-63DBF6B31C7B}.Release|Any CPU.ActiveCfg = Release|Any CPU
		{DFBCFCFE-2E59-4297-8741-63DBF6B31C7B}.Release|Any CPU.Build.0 = Release|Any CPU
		{5F4DE9E8-16BC-4A3F-8E59-96C21A306CBF}.Debug|Any CPU.ActiveCfg = Debug|Any CPU
		{5F4DE9E8-16BC-4A3F-8E59-96C21A306CBF}.Debug|Any CPU.Build.0 = Debug|Any CPU
		{5F4DE9E8-16BC-4A3F-8E59-96C21A306CBF}.Release|Any CPU.ActiveCfg = Release|Any CPU
		{5F4DE9E8-16BC-4A3F-8E59-96C21A306CBF}.Release|Any CPU.Build.0 = Release|Any CPU
		{1ABDF3CE-1010-4A0F-90D5-55B7339EFAC5}.Debug|Any CPU.ActiveCfg = Debug|Any CPU
		{1ABDF3CE-1010-4A0F-90D5-55B7339EFAC5}.Debug|Any CPU.Build.0 = Debug|Any CPU
		{1ABDF3CE-1010-4A0F-90D5-55B7339EFAC5}.Release|Any CPU.ActiveCfg = Release|Any CPU
		{1ABDF3CE-1010-4A0F-90D5-55B7339EFAC5}.Release|Any CPU.Build.0 = Release|Any CPU
	EndGlobalSection
	GlobalSection(SolutionProperties) = preSolution
		HideSolutionNode = FALSE
	EndGlobalSection
	GlobalSection(ExtensibilityGlobals) = postSolution
		SolutionGuid = {05E18A09-BD1C-4DE0-822A-7976F928A8DA}
	EndGlobalSection
EndGlobal
